// !$*UTF8*$!
{
	archiveVersion = 1;
	classes = {
	};
	objectVersion = 46;
	objects = {

/* Begin PBXBuildFile section */
		C8C654941B3809D50001E873 /* LZUnity.m in Sources */ = {isa = PBXBuildFile; fileRef = C8C654931B3809D50001E873 /* LZUnity.m */; };
		E307ABE2176A2C6294AEA27E /* libPods.a in Frameworks */ = {isa = PBXBuildFile; fileRef = 3A1738616637EF2313A911BB /* libPods.a */; };
		FEB78EC71B329C4F006F68AB /* main.m in Sources */ = {isa = PBXBuildFile; fileRef = FEB78EC61B329C4F006F68AB /* main.m */; };
		FEB78ECA1B329C4F006F68AB /* AppDelegate.m in Sources */ = {isa = PBXBuildFile; fileRef = FEB78EC91B329C4F006F68AB /* AppDelegate.m */; };
		FEB78ECD1B329C4F006F68AB /* ViewController.m in Sources */ = {isa = PBXBuildFile; fileRef = FEB78ECC1B329C4F006F68AB /* ViewController.m */; };
		FEB78ED01B329C4F006F68AB /* Main.storyboard in Resources */ = {isa = PBXBuildFile; fileRef = FEB78ECE1B329C4F006F68AB /* Main.storyboard */; };
		FEB78ED21B329C4F006F68AB /* Images.xcassets in Resources */ = {isa = PBXBuildFile; fileRef = FEB78ED11B329C4F006F68AB /* Images.xcassets */; };
		FEB78ED51B329C4F006F68AB /* LaunchScreen.xib in Resources */ = {isa = PBXBuildFile; fileRef = FEB78ED31B329C4F006F68AB /* LaunchScreen.xib */; };
		FEB78EE11B329C4F006F68AB /* FirstGitDemoTests.m in Sources */ = {isa = PBXBuildFile; fileRef = FEB78EE01B329C4F006F68AB /* FirstGitDemoTests.m */; };
		FEB78F041B32B478006F68AB /* HttpActionMgr.m in Sources */ = {isa = PBXBuildFile; fileRef = FEB78F031B32B478006F68AB /* HttpActionMgr.m */; };
		FEB78F091B32BA37006F68AB /* ActionBase.m in Sources */ = {isa = PBXBuildFile; fileRef = FEB78F081B32BA37006F68AB /* ActionBase.m */; };
/* End PBXBuildFile section */

/* Begin PBXContainerItemProxy section */
		FEB78EDB1B329C4F006F68AB /* PBXContainerItemProxy */ = {
			isa = PBXContainerItemProxy;
			containerPortal = FEB78EB91B329C4F006F68AB /* Project object */;
			proxyType = 1;
			remoteGlobalIDString = FEB78EC01B329C4F006F68AB;
			remoteInfo = FirstGitDemo;
		};
/* End PBXContainerItemProxy section */

/* Begin PBXFileReference section */
		11ACC026E53DA9E4F97EB4F9 /* Pods.release.xcconfig */ = {isa = PBXFileReference; includeInIndex = 1; lastKnownFileType = text.xcconfig; name = Pods.release.xcconfig; path = "Pods/Target Support Files/Pods/Pods.release.xcconfig"; sourceTree = "<group>"; };
		35EE5B0E2CBB3820AE9F7A2B /* Pods.debug.xcconfig */ = {isa = PBXFileReference; includeInIndex = 1; lastKnownFileType = text.xcconfig; name = Pods.debug.xcconfig; path = "Pods/Target Support Files/Pods/Pods.debug.xcconfig"; sourceTree = "<group>"; };
		3A1738616637EF2313A911BB /* libPods.a */ = {isa = PBXFileReference; explicitFileType = archive.ar; includeInIndex = 0; path = libPods.a; sourceTree = BUILT_PRODUCTS_DIR; };
		C8C654921B3809D50001E873 /* LZUnity.h */ = {isa = PBXFileReference; fileEncoding = 4; lastKnownFileType = sourcecode.c.h; path = LZUnity.h; sourceTree = "<group>"; };
		C8C654931B3809D50001E873 /* LZUnity.m */ = {isa = PBXFileReference; fileEncoding = 4; lastKnownFileType = sourcecode.c.objc; path = LZUnity.m; sourceTree = "<group>"; };
		FEB78EC11B329C4F006F68AB /* FirstGitDemo.app */ = {isa = PBXFileReference; explicitFileType = wrapper.application; includeInIndex = 0; path = FirstGitDemo.app; sourceTree = BUILT_PRODUCTS_DIR; };
		FEB78EC51B329C4F006F68AB /* Info.plist */ = {isa = PBXFileReference; lastKnownFileType = text.plist.xml; path = Info.plist; sourceTree = "<group>"; };
		FEB78EC61B329C4F006F68AB /* main.m */ = {isa = PBXFileReference; lastKnownFileType = sourcecode.c.objc; path = main.m; sourceTree = "<group>"; };
		FEB78EC81B329C4F006F68AB /* AppDelegate.h */ = {isa = PBXFileReference; lastKnownFileType = sourcecode.c.h; path = AppDelegate.h; sourceTree = "<group>"; };
		FEB78EC91B329C4F006F68AB /* AppDelegate.m */ = {isa = PBXFileReference; lastKnownFileType = sourcecode.c.objc; path = AppDelegate.m; sourceTree = "<group>"; };
		FEB78ECB1B329C4F006F68AB /* ViewController.h */ = {isa = PBXFileReference; lastKnownFileType = sourcecode.c.h; path = ViewController.h; sourceTree = "<group>"; };
		FEB78ECC1B329C4F006F68AB /* ViewController.m */ = {isa = PBXFileReference; lastKnownFileType = sourcecode.c.objc; path = ViewController.m; sourceTree = "<group>"; };
		FEB78ECF1B329C4F006F68AB /* Base */ = {isa = PBXFileReference; lastKnownFileType = file.storyboard; name = Base; path = Base.lproj/Main.storyboard; sourceTree = "<group>"; };
		FEB78ED11B329C4F006F68AB /* Images.xcassets */ = {isa = PBXFileReference; lastKnownFileType = folder.assetcatalog; path = Images.xcassets; sourceTree = "<group>"; };
		FEB78ED41B329C4F006F68AB /* Base */ = {isa = PBXFileReference; lastKnownFileType = file.xib; name = Base; path = Base.lproj/LaunchScreen.xib; sourceTree = "<group>"; };
		FEB78EDA1B329C4F006F68AB /* FirstGitDemoTests.xctest */ = {isa = PBXFileReference; explicitFileType = wrapper.cfbundle; includeInIndex = 0; path = FirstGitDemoTests.xctest; sourceTree = BUILT_PRODUCTS_DIR; };
		FEB78EDF1B329C4F006F68AB /* Info.plist */ = {isa = PBXFileReference; lastKnownFileType = text.plist.xml; path = Info.plist; sourceTree = "<group>"; };
		FEB78EE01B329C4F006F68AB /* FirstGitDemoTests.m */ = {isa = PBXFileReference; lastKnownFileType = sourcecode.c.objc; path = FirstGitDemoTests.m; sourceTree = "<group>"; };
		FEB78EF31B32B10B006F68AB /* FirstGitDemo.pch */ = {isa = PBXFileReference; fileEncoding = 4; lastKnownFileType = sourcecode.c.h; path = FirstGitDemo.pch; sourceTree = "<group>"; };
		FEB78F021B32B478006F68AB /* HttpActionMgr.h */ = {isa = PBXFileReference; fileEncoding = 4; lastKnownFileType = sourcecode.c.h; path = HttpActionMgr.h; sourceTree = "<group>"; };
		FEB78F031B32B478006F68AB /* HttpActionMgr.m */ = {isa = PBXFileReference; fileEncoding = 4; lastKnownFileType = sourcecode.c.objc; path = HttpActionMgr.m; sourceTree = "<group>"; };
		FEB78F071B32BA37006F68AB /* ActionBase.h */ = {isa = PBXFileReference; fileEncoding = 4; lastKnownFileType = sourcecode.c.h; path = ActionBase.h; sourceTree = "<group>"; };
		FEB78F081B32BA37006F68AB /* ActionBase.m */ = {isa = PBXFileReference; fileEncoding = 4; lastKnownFileType = sourcecode.c.objc; path = ActionBase.m; sourceTree = "<group>"; };
/* End PBXFileReference section */

/* Begin PBXFrameworksBuildPhase section */
		FEB78EBE1B329C4F006F68AB /* Frameworks */ = {
			isa = PBXFrameworksBuildPhase;
			buildActionMask = 2147483647;
			files = (
				E307ABE2176A2C6294AEA27E /* libPods.a in Frameworks */,
			);
			runOnlyForDeploymentPostprocessing = 0;
		};
		FEB78ED71B329C4F006F68AB /* Frameworks */ = {
			isa = PBXFrameworksBuildPhase;
			buildActionMask = 2147483647;
			files = (
			);
			runOnlyForDeploymentPostprocessing = 0;
		};
/* End PBXFrameworksBuildPhase section */

/* Begin PBXGroup section */
		0C695980BAFD74134D2AFFCF /* Pods */ = {
			isa = PBXGroup;
			children = (
				35EE5B0E2CBB3820AE9F7A2B /* Pods.debug.xcconfig */,
				11ACC026E53DA9E4F97EB4F9 /* Pods.release.xcconfig */,
			);
			name = Pods;
			sourceTree = "<group>";
		};
		414E9A8F3AA3D5249FBF52BB /* Frameworks */ = {
			isa = PBXGroup;
			children = (
				3A1738616637EF2313A911BB /* libPods.a */,
			);
			name = Frameworks;
			sourceTree = "<group>";
		};
		FEB78EB81B329C4F006F68AB = {
			isa = PBXGroup;
			children = (
				FEB78EC31B329C4F006F68AB /* FirstGitDemo */,
				FEB78EDD1B329C4F006F68AB /* FirstGitDemoTests */,
				FEB78EC21B329C4F006F68AB /* Products */,
				0C695980BAFD74134D2AFFCF /* Pods */,
				414E9A8F3AA3D5249FBF52BB /* Frameworks */,
			);
			sourceTree = "<group>";
		};
		FEB78EC21B329C4F006F68AB /* Products */ = {
			isa = PBXGroup;
			children = (
				FEB78EC11B329C4F006F68AB /* FirstGitDemo.app */,
				FEB78EDA1B329C4F006F68AB /* FirstGitDemoTests.xctest */,
			);
			name = Products;
			sourceTree = "<group>";
		};
		FEB78EC31B329C4F006F68AB /* FirstGitDemo */ = {
			isa = PBXGroup;
			children = (
				FEB78EFA1B32B44A006F68AB /* Category */,
				FEB78EFB1B32B44A006F68AB /* Controllers */,
				FEB78EFD1B32B44A006F68AB /* Models */,
				FEB78EFE1B32B44A006F68AB /* Resources */,
				FEB78EFF1B32B44A006F68AB /* Services */,
				FEB78EF91B32B3DE006F68AB /* Views */,
				FEB78EC81B329C4F006F68AB /* AppDelegate.h */,
				FEB78EC91B329C4F006F68AB /* AppDelegate.m */,
				C8C654921B3809D50001E873 /* LZUnity.h */,
				C8C654931B3809D50001E873 /* LZUnity.m */,
				FEB78ECB1B329C4F006F68AB /* ViewController.h */,
				FEB78ECC1B329C4F006F68AB /* ViewController.m */,
				FEB78ECE1B329C4F006F68AB /* Main.storyboard */,
				FEB78ED11B329C4F006F68AB /* Images.xcassets */,
				FEB78ED31B329C4F006F68AB /* LaunchScreen.xib */,
				FEB78EF31B32B10B006F68AB /* FirstGitDemo.pch */,
				FEB78EC41B329C4F006F68AB /* Supporting Files */,
			);
			path = FirstGitDemo;
			sourceTree = "<group>";
		};
		FEB78EC41B329C4F006F68AB /* Supporting Files */ = {
			isa = PBXGroup;
			children = (
				FEB78EC51B329C4F006F68AB /* Info.plist */,
				FEB78EC61B329C4F006F68AB /* main.m */,
			);
			name = "Supporting Files";
			sourceTree = "<group>";
		};
		FEB78EDD1B329C4F006F68AB /* FirstGitDemoTests */ = {
			isa = PBXGroup;
			children = (
				FEB78EE01B329C4F006F68AB /* FirstGitDemoTests.m */,
				FEB78EDE1B329C4F006F68AB /* Supporting Files */,
			);
			path = FirstGitDemoTests;
			sourceTree = "<group>";
		};
		FEB78EDE1B329C4F006F68AB /* Supporting Files */ = {
			isa = PBXGroup;
			children = (
				FEB78EDF1B329C4F006F68AB /* Info.plist */,
			);
			name = "Supporting Files";
			sourceTree = "<group>";
		};
		FEB78EF91B32B3DE006F68AB /* Views */ = {
			isa = PBXGroup;
			children = (
			);
			path = Views;
			sourceTree = "<group>";
		};
		FEB78EFA1B32B44A006F68AB /* Category */ = {
			isa = PBXGroup;
			children = (
			);
			path = Category;
			sourceTree = "<group>";
		};
		FEB78EFB1B32B44A006F68AB /* Controllers */ = {
			isa = PBXGroup;
			children = (
			);
			path = Controllers;
			sourceTree = "<group>";
		};
		FEB78EFD1B32B44A006F68AB /* Models */ = {
			isa = PBXGroup;
			children = (
			);
			path = Models;
			sourceTree = "<group>";
		};
		FEB78EFE1B32B44A006F68AB /* Resources */ = {
			isa = PBXGroup;
			children = (
			);
			path = Resources;
			sourceTree = "<group>";
		};
		FEB78EFF1B32B44A006F68AB /* Services */ = {
			isa = PBXGroup;
			children = (
				FEB78F011B32B478006F68AB /* http */,
			);
			path = Services;
			sourceTree = "<group>";
		};
		FEB78F011B32B478006F68AB /* http */ = {
			isa = PBXGroup;
			children = (
				FEB78F061B32BA16006F68AB /* Actions */,
				FEB78F021B32B478006F68AB /* HttpActionMgr.h */,
				FEB78F031B32B478006F68AB /* HttpActionMgr.m */,
			);
			path = http;
			sourceTree = "<group>";
		};
		FEB78F061B32BA16006F68AB /* Actions */ = {
			isa = PBXGroup;
			children = (
				FEB78F071B32BA37006F68AB /* ActionBase.h */,
				FEB78F081B32BA37006F68AB /* ActionBase.m */,
			);
			path = Actions;
			sourceTree = "<group>";
		};
/* End PBXGroup section */

/* Begin PBXNativeTarget section */
		FEB78EC01B329C4F006F68AB /* FirstGitDemo */ = {
			isa = PBXNativeTarget;
			buildConfigurationList = FEB78EE41B329C4F006F68AB /* Build configuration list for PBXNativeTarget "FirstGitDemo" */;
			buildPhases = (
				742690D270A7CE08A3E090C0 /* Check Pods Manifest.lock */,
				FEB78EBD1B329C4F006F68AB /* Sources */,
				FEB78EBE1B329C4F006F68AB /* Frameworks */,
				FEB78EBF1B329C4F006F68AB /* Resources */,
				2E35B564244AD7CB640DFAEA /* Copy Pods Resources */,
			);
			buildRules = (
			);
			dependencies = (
			);
			name = FirstGitDemo;
			productName = FirstGitDemo;
			productReference = FEB78EC11B329C4F006F68AB /* FirstGitDemo.app */;
			productType = "com.apple.product-type.application";
		};
		FEB78ED91B329C4F006F68AB /* FirstGitDemoTests */ = {
			isa = PBXNativeTarget;
			buildConfigurationList = FEB78EE71B329C4F006F68AB /* Build configuration list for PBXNativeTarget "FirstGitDemoTests" */;
			buildPhases = (
				FEB78ED61B329C4F006F68AB /* Sources */,
				FEB78ED71B329C4F006F68AB /* Frameworks */,
				FEB78ED81B329C4F006F68AB /* Resources */,
			);
			buildRules = (
			);
			dependencies = (
				FEB78EDC1B329C4F006F68AB /* PBXTargetDependency */,
			);
			name = FirstGitDemoTests;
			productName = FirstGitDemoTests;
			productReference = FEB78EDA1B329C4F006F68AB /* FirstGitDemoTests.xctest */;
			productType = "com.apple.product-type.bundle.unit-test";
		};
/* End PBXNativeTarget section */

/* Begin PBXProject section */
		FEB78EB91B329C4F006F68AB /* Project object */ = {
			isa = PBXProject;
			attributes = {
				LastUpgradeCheck = 0630;
				ORGANIZATIONNAME = Luck;
				TargetAttributes = {
					FEB78EC01B329C4F006F68AB = {
						CreatedOnToolsVersion = 6.3;
					};
					FEB78ED91B329C4F006F68AB = {
						CreatedOnToolsVersion = 6.3;
						TestTargetID = FEB78EC01B329C4F006F68AB;
					};
				};
			};
			buildConfigurationList = FEB78EBC1B329C4F006F68AB /* Build configuration list for PBXProject "FirstGitDemo" */;
			compatibilityVersion = "Xcode 3.2";
			developmentRegion = English;
			hasScannedForEncodings = 0;
			knownRegions = (
				en,
				Base,
			);
			mainGroup = FEB78EB81B329C4F006F68AB;
			productRefGroup = FEB78EC21B329C4F006F68AB /* Products */;
			projectDirPath = "";
			projectRoot = "";
			targets = (
				FEB78EC01B329C4F006F68AB /* FirstGitDemo */,
				FEB78ED91B329C4F006F68AB /* FirstGitDemoTests */,
			);
		};
/* End PBXProject section */

/* Begin PBXResourcesBuildPhase section */
		FEB78EBF1B329C4F006F68AB /* Resources */ = {
			isa = PBXResourcesBuildPhase;
			buildActionMask = 2147483647;
			files = (
				FEB78ED01B329C4F006F68AB /* Main.storyboard in Resources */,
				FEB78ED51B329C4F006F68AB /* LaunchScreen.xib in Resources */,
				FEB78ED21B329C4F006F68AB /* Images.xcassets in Resources */,
			);
			runOnlyForDeploymentPostprocessing = 0;
		};
		FEB78ED81B329C4F006F68AB /* Resources */ = {
			isa = PBXResourcesBuildPhase;
			buildActionMask = 2147483647;
			files = (
			);
			runOnlyForDeploymentPostprocessing = 0;
		};
/* End PBXResourcesBuildPhase section */

/* Begin PBXShellScriptBuildPhase section */
		2E35B564244AD7CB640DFAEA /* Copy Pods Resources */ = {
			isa = PBXShellScriptBuildPhase;
			buildActionMask = 2147483647;
			files = (
			);
			inputPaths = (
			);
			name = "Copy Pods Resources";
			outputPaths = (
			);
			runOnlyForDeploymentPostprocessing = 0;
			shellPath = /bin/sh;
			shellScript = "\"${SRCROOT}/Pods/Target Support Files/Pods/Pods-resources.sh\"\n";
			showEnvVarsInLog = 0;
		};
		742690D270A7CE08A3E090C0 /* Check Pods Manifest.lock */ = {
			isa = PBXShellScriptBuildPhase;
			buildActionMask = 2147483647;
			files = (
			);
			inputPaths = (
			);
			name = "Check Pods Manifest.lock";
			outputPaths = (
			);
			runOnlyForDeploymentPostprocessing = 0;
			shellPath = /bin/sh;
			shellScript = "diff \"${PODS_ROOT}/../Podfile.lock\" \"${PODS_ROOT}/Manifest.lock\" > /dev/null\nif [[ $? != 0 ]] ; then\n    cat << EOM\nerror: The sandbox is not in sync with the Podfile.lock. Run 'pod install' or update your CocoaPods installation.\nEOM\n    exit 1\nfi\n";
			showEnvVarsInLog = 0;
		};
/* End PBXShellScriptBuildPhase section */

/* Begin PBXSourcesBuildPhase section */
		FEB78EBD1B329C4F006F68AB /* Sources */ = {
			isa = PBXSourcesBuildPhase;
			buildActionMask = 2147483647;
			files = (
				FEB78ECD1B329C4F006F68AB /* ViewController.m in Sources */,
				FEB78ECA1B329C4F006F68AB /* AppDelegate.m in Sources */,
				FEB78F041B32B478006F68AB /* HttpActionMgr.m in Sources */,
				C8C654941B3809D50001E873 /* LZUnity.m in Sources */,
				FEB78EC71B329C4F006F68AB /* main.m in Sources */,
				FEB78F091B32BA37006F68AB /* ActionBase.m in Sources */,
			);
			runOnlyForDeploymentPostprocessing = 0;
		};
		FEB78ED61B329C4F006F68AB /* Sources */ = {
			isa = PBXSourcesBuildPhase;
			buildActionMask = 2147483647;
			files = (
				FEB78EE11B329C4F006F68AB /* FirstGitDemoTests.m in Sources */,
			);
			runOnlyForDeploymentPostprocessing = 0;
		};
/* End PBXSourcesBuildPhase section */

/* Begin PBXTargetDependency section */
		FEB78EDC1B329C4F006F68AB /* PBXTargetDependency */ = {
			isa = PBXTargetDependency;
			target = FEB78EC01B329C4F006F68AB /* FirstGitDemo */;
			targetProxy = FEB78EDB1B329C4F006F68AB /* PBXContainerItemProxy */;
		};
/* End PBXTargetDependency section */

/* Begin PBXVariantGroup section */
		FEB78ECE1B329C4F006F68AB /* Main.storyboard */ = {
			isa = PBXVariantGroup;
			children = (
				FEB78ECF1B329C4F006F68AB /* Base */,
			);
			name = Main.storyboard;
			sourceTree = "<group>";
		};
		FEB78ED31B329C4F006F68AB /* LaunchScreen.xib */ = {
			isa = PBXVariantGroup;
			children = (
				FEB78ED41B329C4F006F68AB /* Base */,
			);
			name = LaunchScreen.xib;
			sourceTree = "<group>";
		};
/* End PBXVariantGroup section */

/* Begin XCBuildConfiguration section */
		FEB78EE21B329C4F006F68AB /* Debug */ = {
			isa = XCBuildConfiguration;
			buildSettings = {
				ALWAYS_SEARCH_USER_PATHS = NO;
				CLANG_CXX_LANGUAGE_STANDARD = "gnu++0x";
				CLANG_CXX_LIBRARY = "libc++";
				CLANG_ENABLE_MODULES = YES;
				CLANG_ENABLE_OBJC_ARC = YES;
				CLANG_WARN_BOOL_CONVERSION = YES;
				CLANG_WARN_CONSTANT_CONVERSION = YES;
				CLANG_WARN_DIRECT_OBJC_ISA_USAGE = YES_ERROR;
				CLANG_WARN_EMPTY_BODY = YES;
				CLANG_WARN_ENUM_CONVERSION = YES;
				CLANG_WARN_INT_CONVERSION = YES;
				CLANG_WARN_OBJC_ROOT_CLASS = YES_ERROR;
				CLANG_WARN_UNREACHABLE_CODE = YES;
				CLANG_WARN__DUPLICATE_METHOD_MATCH = YES;
				"CODE_SIGN_IDENTITY[sdk=iphoneos*]" = "iPhone Developer";
				COPY_PHASE_STRIP = NO;
				DEBUG_INFORMATION_FORMAT = "dwarf-with-dsym";
				ENABLE_STRICT_OBJC_MSGSEND = YES;
				GCC_C_LANGUAGE_STANDARD = gnu99;
				GCC_DYNAMIC_NO_PIC = NO;
				GCC_NO_COMMON_BLOCKS = YES;
				GCC_OPTIMIZATION_LEVEL = 0;
				GCC_PREPROCESSOR_DEFINITIONS = (
					"DEBUG=1",
					"$(inherited)",
				);
				GCC_SYMBOLS_PRIVATE_EXTERN = NO;
				GCC_WARN_64_TO_32_BIT_CONVERSION = YES;
				GCC_WARN_ABOUT_RETURN_TYPE = YES_ERROR;
				GCC_WARN_UNDECLARED_SELECTOR = YES;
				GCC_WARN_UNINITIALIZED_AUTOS = YES_AGGRESSIVE;
				GCC_WARN_UNUSED_FUNCTION = YES;
				GCC_WARN_UNUSED_VARIABLE = YES;
				IPHONEOS_DEPLOYMENT_TARGET = 8.3;
				MTL_ENABLE_DEBUG_INFO = YES;
				ONLY_ACTIVE_ARCH = YES;
				SDKROOT = iphoneos;
			};
			name = Debug;
		};
		FEB78EE31B329C4F006F68AB /* Release */ = {
			isa = XCBuildConfiguration;
			buildSettings = {
				ALWAYS_SEARCH_USER_PATHS = NO;
				CLANG_CXX_LANGUAGE_STANDARD = "gnu++0x";
				CLANG_CXX_LIBRARY = "libc++";
				CLANG_ENABLE_MODULES = YES;
				CLANG_ENABLE_OBJC_ARC = YES;
				CLANG_WARN_BOOL_CONVERSION = YES;
				CLANG_WARN_CONSTANT_CONVERSION = YES;
				CLANG_WARN_DIRECT_OBJC_ISA_USAGE = YES_ERROR;
				CLANG_WARN_EMPTY_BODY = YES;
				CLANG_WARN_ENUM_CONVERSION = YES;
				CLANG_WARN_INT_CONVERSION = YES;
				CLANG_WARN_OBJC_ROOT_CLASS = YES_ERROR;
				CLANG_WARN_UNREACHABLE_CODE = YES;
				CLANG_WARN__DUPLICATE_METHOD_MATCH = YES;
				"CODE_SIGN_IDENTITY[sdk=iphoneos*]" = "iPhone Developer";
				COPY_PHASE_STRIP = NO;
				DEBUG_INFORMATION_FORMAT = "dwarf-with-dsym";
				ENABLE_NS_ASSERTIONS = NO;
				ENABLE_STRICT_OBJC_MSGSEND = YES;
				GCC_C_LANGUAGE_STANDARD = gnu99;
				GCC_NO_COMMON_BLOCKS = YES;
				GCC_WARN_64_TO_32_BIT_CONVERSION = YES;
				GCC_WARN_ABOUT_RETURN_TYPE = YES_ERROR;
				GCC_WARN_UNDECLARED_SELECTOR = YES;
				GCC_WARN_UNINITIALIZED_AUTOS = YES_AGGRESSIVE;
				GCC_WARN_UNUSED_FUNCTION = YES;
				GCC_WARN_UNUSED_VARIABLE = YES;
				IPHONEOS_DEPLOYMENT_TARGET = 8.3;
				MTL_ENABLE_DEBUG_INFO = NO;
				SDKROOT = iphoneos;
				VALIDATE_PRODUCT = YES;
			};
			name = Release;
		};
		FEB78EE51B329C4F006F68AB /* Debug */ = {
			isa = XCBuildConfiguration;
			baseConfigurationReference = 35EE5B0E2CBB3820AE9F7A2B /* Pods.debug.xcconfig */;
			buildSettings = {
				ASSETCATALOG_COMPILER_APPICON_NAME = AppIcon;
				GCC_PRECOMPILE_PREFIX_HEADER = NO;
				GCC_PREFIX_HEADER = "$(SRCROOT)/FirstGitDemo/FirstGitDemo.pch";
				INFOPLIST_FILE = FirstGitDemo/Info.plist;
				IPHONEOS_DEPLOYMENT_TARGET = 8.0;
				LD_RUNPATH_SEARCH_PATHS = "$(inherited) @executable_path/Frameworks";
				PRODUCT_NAME = "$(TARGET_NAME)";
			};
			name = Debug;
		};
		FEB78EE61B329C4F006F68AB /* Release */ = {
			isa = XCBuildConfiguration;
			baseConfigurationReference = 11ACC026E53DA9E4F97EB4F9 /* Pods.release.xcconfig */;
			buildSettings = {
				ASSETCATALOG_COMPILER_APPICON_NAME = AppIcon;
				GCC_PRECOMPILE_PREFIX_HEADER = NO;
				GCC_PREFIX_HEADER = "$(SRCROOT)/FirstGitDemo/FirstGitDemo.pch";
				INFOPLIST_FILE = FirstGitDemo/Info.plist;
				IPHONEOS_DEPLOYMENT_TARGET = 8.0;
				LD_RUNPATH_SEARCH_PATHS = "$(inherited) @executable_path/Frameworks";
				PRODUCT_NAME = "$(TARGET_NAME)";
			};
			name = Release;
		};
		FEB78EE81B329C4F006F68AB /* Debug */ = {
			isa = XCBuildConfiguration;
			buildSettings = {
				BUNDLE_LOADER = "$(TEST_HOST)";
				FRAMEWORK_SEARCH_PATHS = (
					"$(SDKROOT)/Developer/Library/Frameworks",
					"$(inherited)",
				);
				GCC_PREPROCESSOR_DEFINITIONS = (
					"DEBUG=1",
					"$(inherited)",
				);
				INFOPLIST_FILE = FirstGitDemoTests/Info.plist;
				LD_RUNPATH_SEARCH_PATHS = "$(inherited) @executable_path/Frameworks @loader_path/Frameworks";
				PRODUCT_NAME = "$(TARGET_NAME)";
				TEST_HOST = "$(BUILT_PRODUCTS_DIR)/FirstGitDemo.app/FirstGitDemo";
			};
			name = Debug;
		};
		FEB78EE91B329C4F006F68AB /* Release */ = {
			isa = XCBuildConfiguration;
			buildSettings = {
				BUNDLE_LOADER = "$(TEST_HOST)";
				FRAMEWORK_SEARCH_PATHS = (
					"$(SDKROOT)/Developer/Library/Frameworks",
					"$(inherited)",
				);
				INFOPLIST_FILE = FirstGitDemoTests/Info.plist;
				LD_RUNPATH_SEARCH_PATHS = "$(inherited) @executable_path/Frameworks @loader_path/Frameworks";
				PRODUCT_NAME = "$(TARGET_NAME)";
				TEST_HOST = "$(BUILT_PRODUCTS_DIR)/FirstGitDemo.app/FirstGitDemo";
			};
			name = Release;
		};
/* End XCBuildConfiguration section */

/* Begin XCConfigurationList section */
		FEB78EBC1B329C4F006F68AB /* Build configuration list for PBXProject "FirstGitDemo" */ = {
			isa = XCConfigurationList;
			buildConfigurations = (
				FEB78EE21B329C4F006F68AB /* Debug */,
				FEB78EE31B329C4F006F68AB /* Release */,
			);
			defaultConfigurationIsVisible = 0;
			defaultConfigurationName = Release;
		};
		FEB78EE41B329C4F006F68AB /* Build configuration list for PBXNativeTarget "FirstGitDemo" */ = {
			isa = XCConfigurationList;
			buildConfigurations = (
				FEB78EE51B329C4F006F68AB /* Debug */,
				FEB78EE61B329C4F006F68AB /* Release */,
			);
			defaultConfigurationIsVisible = 0;
			defaultConfigurationName = Release;
		};
		FEB78EE71B329C4F006F68AB /* Build configuration list for PBXNativeTarget "FirstGitDemoTests" */ = {
			isa = XCConfigurationList;
			buildConfigurations = (
				FEB78EE81B329C4F006F68AB /* Debug */,
				FEB78EE91B329C4F006F68AB /* Release */,
			);
			defaultConfigurationIsVisible = 0;
			defaultConfigurationName = Release;
		};
/* End XCConfigurationList section */
	};
	rootObject = FEB78EB91B329C4F006F68AB /* Project object */;
}
